# This file is automatically @generated by Cargo.
# It is not intended for manual editing.
version = 4

[[package]]
name = "autodomd-binary"
version = "0.1.0"

[[package]]
name = "autodomd-command-generate"
version = "0.1.0"

[[package]]
name = "autodomd-command-init"
version = "0.1.0"

[[package]]
name = "autodomd-command-scan"
version = "0.1.0"

[[package]]
name = "autodomd-library-common"
version = "0.1.0"

[[package]]
name = "autodomd-library-generator"
version = "0.1.0"

[[package]]
name = "autodomd-library-parser"
version = "0.1.0"

[[package]]
name = "autodomd-library-scanner"
version = "0.1.0"

[[package]]
name = "autodomd-tests-integration"
version = "0.1.0"
